
Microsoft Visual Studio Solution File, Format Version 12.00
# Visual Studio Version 17
VisualStudioVersion = 17.6.33829.357
MinimumVisualStudioVersion = 10.0.40219.1
Project("{8BC9CEB8-8B4A-11D0-8D11-00A0C91BC942}") = "Myqueue", "Myqueue.vcxproj", "{E425AC6E-692C-4CD8-A979-3B88FD149460}"
EndProject
Global
	GlobalSection(SolutionConfigurationPlatforms) = preSolution
		Debug|x64 = Debug|x64
		Debug|x86 = Debug|x86
		Release|x64 = Release|x64
		Release|x86 = Release|x86
	EndGlobalSection
	GlobalSection(ProjectConfigurationPlatforms) = postSolution
		{E425AC6E-692C-4CD8-A979-3B88FD149460}.Debug|x64.ActiveCfg = Debug|x64
		{E425AC6E-692C-4CD8-A979-3B88FD149460}.Debug|x64.Build.0 = Debug|x64
		{E425AC6E-692C-4CD8-A979-3B88FD149460}.Debug|x86.ActiveCfg = Debug|Win32
		{E425AC6E-692C-4CD8-A979-3B88FD149460}.Debug|x86.Build.0 = Debug|Win32
		{E425AC6E-692C-4CD8-A979-3B88FD149460}.Release|x64.ActiveCfg = Release|x64
		{E425AC6E-692C-4CD8-A979-3B88FD149460}.Release|x64.Build.0 = Release|x64
		{E425AC6E-692C-4CD8-A979-3B88FD149460}.Release|x86.ActiveCfg = Release|Win32
		{E425AC6E-692C-4CD8-A979-3B88FD149460}.Release|x86.Build.0 = Release|Win32
	EndGlobalSection
	GlobalSection(SolutionProperties) = preSolution
		HideSolutionNode = FALSE
	EndGlobalSection
	GlobalSection(ExtensibilityGlobals) = postSolution
		SolutionGuid = {BCD90483-1066-4DA2-A620-8F4081B0C135}
	EndGlobalSection
EndGlobal
